
Microsoft Visual Studio Solution File, Format Version 12.00
# Visual Studio Version 16
VisualStudioVersion = 16.0.30114.105
MinimumVisualStudioVersion = 10.0.40219.1
Project("{FAE04EC0-301F-11D3-BF4B-00C04F79EFBC}") = "Test3", "Test3.csproj", "{5DBC235E-20E9-480D-84B6-7203302D306C}"
EndProject
Global
	GlobalSection(SolutionConfigurationPlatforms) = preSolution
		Debug|Any CPU = Debug|Any CPU
		Release|Any CPU = Release|Any CPU
	EndGlobalSection
	GlobalSection(ProjectConfigurationPlatforms) = postSolution
		{5DBC235E-20E9-480D-84B6-7203302D306C}.Debug|Any CPU.ActiveCfg = Debug|Any CPU
		{5DBC235E-20E9-480D-84B6-7203302D306C}.Debug|Any CPU.Build.0 = Debug|Any CPU
		{5DBC235E-20E9-480D-84B6-7203302D306C}.Release|Any CPU.ActiveCfg = Release|Any CPU
		{5DBC235E-20E9-480D-84B6-7203302D306C}.Release|Any CPU.Build.0 = Release|Any CPU
	EndGlobalSection
	GlobalSection(SolutionProperties) = preSolution
		HideSolutionNode = FALSE
	EndGlobalSection
	GlobalSection(ExtensibilityGlobals) = postSolution
		SolutionGuid = {C4B2035A-97C9-40BA-B763-E6CC3CDABBE7}
	EndGlobalSection
EndGlobal
